
Microsoft Visual Studio Solution File, Format Version 12.00
# Visual Studio Version 17
VisualStudioVersion = 17.0.31903.59
MinimumVisualStudioVersion = 10.0.40219.1
Project("{2150E333-8FDC-42A3-9474-1A3956D46DE8}") = "src", "src", "{827E0CD3-B72D-47B6-A68D-7590B98EB39B}"
EndProject
Project("{FAE04EC0-301F-11D3-BF4B-00C04F79EFBC}") = "Nas.Domain", "src\Nas.Domain\Nas.Domain.csproj", "{10017B93-FD9B-493A-BF78-A0D8F49F0AFD}"
EndProject
Project("{FAE04EC0-301F-11D3-BF4B-00C04F79EFBC}") = "Nas.Application", "src\Nas.Application\Nas.Application.csproj", "{71D9E156-8740-437C-A467-76F643325734}"
EndProject
Project("{FAE04EC0-301F-11D3-BF4B-00C04F79EFBC}") = "Nas.Infrastructure", "src\Nas.Infrastructure\Nas.Infrastructure.csproj", "{D76B45E4-6792-4689-9BAD-9C2EBA96B862}"
EndProject
Project("{FAE04EC0-301F-11D3-BF4B-00C04F79EFBC}") = "Nas.Api", "src\Nas.Api\Nas.Api.csproj", "{71539CA1-A181-4129-8F60-D68F058540B5}"
EndProject
Global
	GlobalSection(SolutionConfigurationPlatforms) = preSolution
		Debug|Any CPU = Debug|Any CPU
		Debug|x64 = Debug|x64
		Debug|x86 = Debug|x86
		Release|Any CPU = Release|Any CPU
		Release|x64 = Release|x64
		Release|x86 = Release|x86
	EndGlobalSection
	GlobalSection(ProjectConfigurationPlatforms) = postSolution
		{10017B93-FD9B-493A-BF78-A0D8F49F0AFD}.Debug|Any CPU.ActiveCfg = Debug|Any CPU
		{10017B93-FD9B-493A-BF78-A0D8F49F0AFD}.Debug|Any CPU.Build.0 = Debug|Any CPU
		{10017B93-FD9B-493A-BF78-A0D8F49F0AFD}.Debug|x64.ActiveCfg = Debug|Any CPU
		{10017B93-FD9B-493A-BF78-A0D8F49F0AFD}.Debug|x64.Build.0 = Debug|Any CPU
		{10017B93-FD9B-493A-BF78-A0D8F49F0AFD}.Debug|x86.ActiveCfg = Debug|Any CPU
		{10017B93-FD9B-493A-BF78-A0D8F49F0AFD}.Debug|x86.Build.0 = Debug|Any CPU
		{10017B93-FD9B-493A-BF78-A0D8F49F0AFD}.Release|Any CPU.ActiveCfg = Release|Any CPU
		{10017B93-FD9B-493A-BF78-A0D8F49F0AFD}.Release|Any CPU.Build.0 = Release|Any CPU
		{10017B93-FD9B-493A-BF78-A0D8F49F0AFD}.Release|x64.ActiveCfg = Release|Any CPU
		{10017B93-FD9B-493A-BF78-A0D8F49F0AFD}.Release|x64.Build.0 = Release|Any CPU
		{10017B93-FD9B-493A-BF78-A0D8F49F0AFD}.Release|x86.ActiveCfg = Release|Any CPU
		{10017B93-FD9B-493A-BF78-A0D8F49F0AFD}.Release|x86.Build.0 = Release|Any CPU
		{71D9E156-8740-437C-A467-76F643325734}.Debug|Any CPU.ActiveCfg = Debug|Any CPU
		{71D9E156-8740-437C-A467-76F643325734}.Debug|Any CPU.Build.0 = Debug|Any CPU
		{71D9E156-8740-437C-A467-76F643325734}.Debug|x64.ActiveCfg = Debug|Any CPU
		{71D9E156-8740-437C-A467-76F643325734}.Debug|x64.Build.0 = Debug|Any CPU
		{71D9E156-8740-437C-A467-76F643325734}.Debug|x86.ActiveCfg = Debug|Any CPU
		{71D9E156-8740-437C-A467-76F643325734}.Debug|x86.Build.0 = Debug|Any CPU
		{71D9E156-8740-437C-A467-76F643325734}.Release|Any CPU.ActiveCfg = Release|Any CPU
		{71D9E156-8740-437C-A467-76F643325734}.Release|Any CPU.Build.0 = Release|Any CPU
		{71D9E156-8740-437C-A467-76F643325734}.Release|x64.ActiveCfg = Release|Any CPU
		{71D9E156-8740-437C-A467-76F643325734}.Release|x64.Build.0 = Release|Any CPU
		{71D9E156-8740-437C-A467-76F643325734}.Release|x86.ActiveCfg = Release|Any CPU
		{71D9E156-8740-437C-A467-76F643325734}.Release|x86.Build.0 = Release|Any CPU
		{D76B45E4-6792-4689-9BAD-9C2EBA96B862}.Debug|Any CPU.ActiveCfg = Debug|Any CPU
		{D76B45E4-6792-4689-9BAD-9C2EBA96B862}.Debug|Any CPU.Build.0 = Debug|Any CPU
		{D76B45E4-6792-4689-9BAD-9C2EBA96B862}.Debug|x64.ActiveCfg = Debug|Any CPU
		{D76B45E4-6792-4689-9BAD-9C2EBA96B862}.Debug|x64.Build.0 = Debug|Any CPU
		{D76B45E4-6792-4689-9BAD-9C2EBA96B862}.Debug|x86.ActiveCfg = Debug|Any CPU
		{D76B45E4-6792-4689-9BAD-9C2EBA96B862}.Debug|x86.Build.0 = Debug|Any CPU
		{D76B45E4-6792-4689-9BAD-9C2EBA96B862}.Release|Any CPU.ActiveCfg = Release|Any CPU
		{D76B45E4-6792-4689-9BAD-9C2EBA96B862}.Release|Any CPU.Build.0 = Release|Any CPU
		{D76B45E4-6792-4689-9BAD-9C2EBA96B862}.Release|x64.ActiveCfg = Release|Any CPU
		{D76B45E4-6792-4689-9BAD-9C2EBA96B862}.Release|x64.Build.0 = Release|Any CPU
		{D76B45E4-6792-4689-9BAD-9C2EBA96B862}.Release|x86.ActiveCfg = Release|Any CPU
		{D76B45E4-6792-4689-9BAD-9C2EBA96B862}.Release|x86.Build.0 = Release|Any CPU
		{71539CA1-A181-4129-8F60-D68F058540B5}.Debug|Any CPU.ActiveCfg = Debug|Any CPU
		{71539CA1-A181-4129-8F60-D68F058540B5}.Debug|Any CPU.Build.0 = Debug|Any CPU
		{71539CA1-A181-4129-8F60-D68F058540B5}.Debug|x64.ActiveCfg = Debug|Any CPU
		{71539CA1-A181-4129-8F60-D68F058540B5}.Debug|x64.Build.0 = Debug|Any CPU
		{71539CA1-A181-4129-8F60-D68F058540B5}.Debug|x86.ActiveCfg = Debug|Any CPU
		{71539CA1-A181-4129-8F60-D68F058540B5}.Debug|x86.Build.0 = Debug|Any CPU
		{71539CA1-A181-4129-8F60-D68F058540B5}.Release|Any CPU.ActiveCfg = Release|Any CPU
		{71539CA1-A181-4129-8F60-D68F058540B5}.Release|Any CPU.Build.0 = Release|Any CPU
		{71539CA1-A181-4129-8F60-D68F058540B5}.Release|x64.ActiveCfg = Release|Any CPU
		{71539CA1-A181-4129-8F60-D68F058540B5}.Release|x64.Build.0 = Release|Any CPU
		{71539CA1-A181-4129-8F60-D68F058540B5}.Release|x86.ActiveCfg = Release|Any CPU
		{71539CA1-A181-4129-8F60-D68F058540B5}.Release|x86.Build.0 = Release|Any CPU
	EndGlobalSection
	GlobalSection(SolutionProperties) = preSolution
		HideSolutionNode = FALSE
	EndGlobalSection
	GlobalSection(NestedProjects) = preSolution
		{10017B93-FD9B-493A-BF78-A0D8F49F0AFD} = {827E0CD3-B72D-47B6-A68D-7590B98EB39B}
		{71D9E156-8740-437C-A467-76F643325734} = {827E0CD3-B72D-47B6-A68D-7590B98EB39B}
		{D76B45E4-6792-4689-9BAD-9C2EBA96B862} = {827E0CD3-B72D-47B6-A68D-7590B98EB39B}
		{71539CA1-A181-4129-8F60-D68F058540B5} = {827E0CD3-B72D-47B6-A68D-7590B98EB39B}
	EndGlobalSection
EndGlobal
